{
  "name": "bbteka",
  "version": "1.0.0",
  "lockfileVersion": 1,
  "requires": true,
  "dependencies": {
    "js-search": {
      "version": "1.4.2",
      "resolved": "https://registry.npmjs.org/js-search/-/js-search-1.4.2.tgz",
      "integrity": "sha1-WakeEX1rrbIL8NdkO6dXfVqB1+I="
    },
    "react-select-fast-filter-options": {
      "version": "0.2.3",
      "resolved": "https://registry.npmjs.org/react-select-fast-filter-options/-/react-select-fast-filter-options-0.2.3.tgz",
      "integrity": "sha512-rTMMRhd73MI1z2eWpes8sGoR4nBYM1IGjsYPvay2DF/kylHUmXFFIGsZJZQcXdBZnAXExKyw2kYKCGiYi4ls4Q==",
      "requires": {
        "js-search": "1.4.2"
      }
    }
  }
}
